
Microsoft Visual Studio Solution File, Format Version 12.00
# Visual Studio Version 17
VisualStudioVersion = 17.4.33213.308
MinimumVisualStudioVersion = 10.0.40219.1
Project("{FAE04EC0-301F-11D3-BF4B-00C04F79EFBC}") = "FizzBuzz", "FizzBuzz\FizzBuzz.csproj", "{0AFEA97E-4533-45D5-879A-4A26A33A276F}"
EndProject
Project("{FAE04EC0-301F-11D3-BF4B-00C04F79EFBC}") = "nunit", "nunit\nunit.csproj", "{371089B0-CF22-42B5-B14A-195B5B88E648}"
EndProject
Global
	GlobalSection(SolutionConfigurationPlatforms) = preSolution
		Debug|Any CPU = Debug|Any CPU
		Release|Any CPU = Release|Any CPU
	EndGlobalSection
	GlobalSection(ProjectConfigurationPlatforms) = postSolution
		{0AFEA97E-4533-45D5-879A-4A26A33A276F}.Debug|Any CPU.ActiveCfg = Debug|Any CPU
		{0AFEA97E-4533-45D5-879A-4A26A33A276F}.Debug|Any CPU.Build.0 = Debug|Any CPU
		{0AFEA97E-4533-45D5-879A-4A26A33A276F}.Release|Any CPU.ActiveCfg = Release|Any CPU
		{0AFEA97E-4533-45D5-879A-4A26A33A276F}.Release|Any CPU.Build.0 = Release|Any CPU
		{371089B0-CF22-42B5-B14A-195B5B88E648}.Debug|Any CPU.ActiveCfg = Debug|Any CPU
		{371089B0-CF22-42B5-B14A-195B5B88E648}.Debug|Any CPU.Build.0 = Debug|Any CPU
		{371089B0-CF22-42B5-B14A-195B5B88E648}.Release|Any CPU.ActiveCfg = Release|Any CPU
		{371089B0-CF22-42B5-B14A-195B5B88E648}.Release|Any CPU.Build.0 = Release|Any CPU
	EndGlobalSection
	GlobalSection(SolutionProperties) = preSolution
		HideSolutionNode = FALSE
	EndGlobalSection
	GlobalSection(ExtensibilityGlobals) = postSolution
		SolutionGuid = {1EB44B7B-EF7F-4805-99DD-07C11E609465}
	EndGlobalSection
EndGlobal
